{
  "name": "lightning-eve-agent-example",
  "lockfileVersion": 3,
  "requires": true,
  "packages": {
    "": {
      "name": "lightning-eve-agent-example",
      "dependencies": {
        "@ai-sdk/anthropic": "^4.0.11",
        "@lightningai/sdk": "2026.7.9",
        "ai": "^7.0.19",
        "eve": "^0.22.4",
        "zod": "^4.4.3"
      },
      "devDependencies": {
        "@types/node": "^26.0.0",
        "typescript": "^5.9.3"
      },
      "engines": {
        "node": ">=24"
      }
    },
    "../..": {
      "name": "@lightningai/sdk",
      "version": "2026.07.03",
      "extraneous": true,
      "license": "Apache-2.0",
      "dependencies": {
        "axios": "^1.7.0"
      },
      "devDependencies": {
        "@types/node": "^22.19.18",
        "tsx": "^4.0.0",
        "typescript": "^5.4.0"
      },
      "engines": {
        "node": ">=22.0.0"
      }
    },
    "node_modules/@ai-sdk/anthropic": {
      "version": "4.0.11",
      "resolved": "https://registry.npmjs.org/@ai-sdk/anthropic/-/anthropic-4.0.11.tgz",
      "integrity": "sha512-Xe9anDf2f1/kfror2VuWPdHZ4MJgzI2+ctTGYofjiGUjiVkjtBvVBdYtPhfFFGaY9zpbDeDTA+huqfvf51BGuw==",
      "license": "Apache-2.0",
      "dependencies": {
        "@ai-sdk/provider": "4.0.3",
        "@ai-sdk/provider-utils": "5.0.7"
      },
      "engines": {
        "node": ">=22"
      },
      "peerDependencies": {
        "zod": "^3.25.76 || ^4.1.8"
      }
    },
    "node_modules/@ai-sdk/gateway": {
      "version": "4.0.15",
      "resolved": "https://registry.npmjs.org/@ai-sdk/gateway/-/gateway-4.0.15.tgz",
      "integrity": "sha512-JHvgCU4SR6OdjOI+8rxIF3zhIboFAkQ1vEa+QOIdkK5VyME1ONx8SbgM2YtnSY1DOsCtUyhd+EG876pYpRjopg==",
      "license": "Apache-2.0",
      "dependencies": {
        "@ai-sdk/provider": "4.0.3",
        "@ai-sdk/provider-utils": "5.0.7",
        "@vercel/oidc": "3.2.0"
      },
      "engines": {
        "node": ">=22"
      },
      "peerDependencies": {
        "zod": "^3.25.76 || ^4.1.8"
      }
    },
    "node_modules/@ai-sdk/provider": {
      "version": "4.0.3",
      "resolved": "https://registry.npmjs.org/@ai-sdk/provider/-/provider-4.0.3.tgz",
      "integrity": "sha512-e0CpNWJUY7OxAFAnCZkw+ri9QOHWwTs1tXP42782KFGCU07qt8NiXCrCVowyCB5dP2r5/Uls+g2oPd8kOJn9dw==",
      "license": "Apache-2.0",
      "dependencies": {
        "json-schema": "^0.4.0"
      },
      "engines": {
        "node": ">=22"
      }
    },
    "node_modules/@ai-sdk/provider-utils": {
      "version": "5.0.7",
      "resolved": "https://registry.npmjs.org/@ai-sdk/provider-utils/-/provider-utils-5.0.7.tgz",
      "integrity": "sha512-OSm5/5kdrHa11WIOo5LYgDKnxYWp5aB/wx5EXRHi0jpUGduMDeB6oht9U6p+UNNWIP3F/EqPpV8d7vdP/iRnqg==",
      "license": "Apache-2.0",
      "dependencies": {
        "@ai-sdk/provider": "4.0.3",
        "@standard-schema/spec": "^1.1.0",
        "@workflow/serde": "4.1.0",
        "eventsource-parser": "^3.0.8"
      },
      "engines": {
        "node": ">=22"
      },
      "peerDependencies": {
        "zod": "^3.25.76 || ^4.1.8"
      }
    },
    "node_modules/@emnapi/core": {
      "version": "1.11.1",
      "resolved": "https://registry.npmjs.org/@emnapi/core/-/core-1.11.1.tgz",
      "integrity": "sha512-RSvbQmHzdKzNsLYa/wHrbc3KN4sYLKAdPZxqiM2HATqv/SBk2/ENSHpvXGaLOMcsAyz0poEGqkmmKYG3OWiJEQ==",
      "license": "MIT",
      "optional": true,
      "dependencies": {
        "@emnapi/wasi-threads": "1.2.2",
        "tslib": "^2.4.0"
      }
    },
    "node_modules/@emnapi/runtime": {
      "version": "1.11.1",
      "resolved": "https://registry.npmjs.org/@emnapi/runtime/-/runtime-1.11.1.tgz",
      "integrity": "sha512-vgj7R3y3Wgx24IQaGPA/R6YFXLHVMOZ0uVEyIQPaWs+rd1AzfEMXlAC22FYwO1XkKR6NPsq7mUandH8oIRdZFw==",
      "license": "MIT",
      "optional": true,
      "dependencies": {
        "tslib": "^2.4.0"
      }
    },
    "node_modules/@emnapi/wasi-threads": {
      "version": "1.2.2",
      "resolved": "https://registry.npmjs.org/@emnapi/wasi-threads/-/wasi-threads-1.2.2.tgz",
      "integrity": "sha512-c95qOXkHdydNKhscBTebqEC1CVAZpyqOfVfBzQ1qgzyl3gfeldUjIggDbIZgDKsHLgnsM+igH7TJ/eAasaVuMA==",
      "license": "MIT",
      "optional": true,
      "dependencies": {
        "tslib": "^2.4.0"
      }
    },
    "node_modules/@lightningai/sdk": {
      "version": "2026.7.9",
      "resolved": "https://registry.npmjs.org/@lightningai/sdk/-/sdk-2026.7.9.tgz",
      "integrity": "sha512-HS/jxonDPUw7lnboZEfD6BAYic4P2sITMbbP55EkydxmGuirYnRMePglA0BgqzKkm4KHw8JuLKkzNTSeGY7gkQ==",
      "license": "Apache-2.0",
      "dependencies": {
        "axios": "^1.7.0"
      },
      "engines": {
        "node": ">=22.0.0"
      }
    },
    "node_modules/@napi-rs/wasm-runtime": {
      "version": "1.1.6",
      "resolved": "https://registry.npmjs.org/@napi-rs/wasm-runtime/-/wasm-runtime-1.1.6.tgz",
      "integrity": "sha512-ZLv/JdUfkvOy9eCnnBaGfiO+XimbjebAeO+MRQqD/B+FR1tnRN0tpKSJHRbE8sFfS6aqsXZ67TQjfwfsxULVbg==",
      "license": "MIT",
      "optional": true,
      "dependencies": {
        "@tybys/wasm-util": "^0.10.3"
      },
      "funding": {
        "type": "github",
        "url": "https://github.com/sponsors/Brooooooklyn"
      },
      "peerDependencies": {
        "@emnapi/core": "^1.7.1",
        "@emnapi/runtime": "^1.7.1"
      }
    },
    "node_modules/@oxc-project/types": {
      "version": "0.139.0",
      "resolved": "https://registry.npmjs.org/@oxc-project/types/-/types-0.139.0.tgz",
      "integrity": "sha512-r9gHphtCs+1M7J0pw6Sn/hh/Wpa/iQrOOkrNAlVLF/gHq+/CJmHIWKKUUhdWjcD6CIa8idarspCsASiXCXvFUw==",
      "license": "MIT",
      "funding": {
        "url": "https://github.com/sponsors/Boshen"
      }
    },
    "node_modules/@rolldown/binding-android-arm64": {
      "version": "1.1.5",
      "resolved": "https://registry.npmjs.org/@rolldown/binding-android-arm64/-/binding-android-arm64-1.1.5.tgz",
      "integrity": "sha512-lZg8fqIv2v7FF237bwMgzGZEJvGL79/s5knJ/i6FmsGF4XXlzccZ4jb+TrFIxtSSxFtIpdsgrPZeMk1I9AFcyQ==",
      "cpu": [
        "arm64"
      ],
      "license": "MIT",
      "optional": true,
      "os": [
        "android"
      ],
      "engines": {
        "node": "^20.19.0 || >=22.12.0"
      }
    },
    "node_modules/@rolldown/binding-darwin-arm64": {
      "version": "1.1.5",
      "resolved": "https://registry.npmjs.org/@rolldown/binding-darwin-arm64/-/binding-darwin-arm64-1.1.5.tgz",
      "integrity": "sha512-51Bnx9pNiMRKSUNtBfySkNJ9vMU9Hh3I1ozDd6gyPPYzaXCfnptUcEZxXGYFn+ul2dtcMUiqGR1Yai2K10uoTw==",
      "cpu": [
        "arm64"
      ],
      "license": "MIT",
      "optional": true,
      "os": [
        "darwin"
      ],
      "engines": {
        "node": "^20.19.0 || >=22.12.0"
      }
    },
    "node_modules/@rolldown/binding-darwin-x64": {
      "version": "1.1.5",
      "resolved": "https://registry.npmjs.org/@rolldown/binding-darwin-x64/-/binding-darwin-x64-1.1.5.tgz",
      "integrity": "sha512-Tm+gbfC0aHu1tBA/JvKQh32S0K6YgCHkiAF4/W6xX0K0RmNuc94VeK419dJoE65R5aRxmo+noZQSWrAMF6yb6g==",
      "cpu": [
        "x64"
      ],
      "license": "MIT",
      "optional": true,
      "os": [
        "darwin"
      ],
      "engines": {
        "node": "^20.19.0 || >=22.12.0"
      }
    },
    "node_modules/@rolldown/binding-freebsd-x64": {
      "version": "1.1.5",
      "resolved": "https://registry.npmjs.org/@rolldown/binding-freebsd-x64/-/binding-freebsd-x64-1.1.5.tgz",
      "integrity": "sha512-JMzDKCCXq93YccG5gz3hvOs1oXRKAf0XYpfOS88e+wZrC8Iugj6j68867vrYZkvpDDpKn/KoKORThmchMpF6TA==",
      "cpu": [
        "x64"
      ],
      "license": "MIT",
      "optional": true,
      "os": [
        "freebsd"
      ],
      "engines": {
        "node": "^20.19.0 || >=22.12.0"
      }
    },
    "node_modules/@rolldown/binding-linux-arm-gnueabihf": {
      "version": "1.1.5",
      "resolved": "https://registry.npmjs.org/@rolldown/binding-linux-arm-gnueabihf/-/binding-linux-arm-gnueabihf-1.1.5.tgz",
      "integrity": "sha512-uML21j2K5TfPGutKxub+M+nLjZIrWjXQ5Grx4lCe/nimTj9B4L63zHpjXLl4y0L3mcm2htEQIb06oCG/szerNw==",
      "cpu": [
        "arm"
      ],
      "license": "MIT",
      "optional": true,
      "os": [
        "linux"
      ],
      "engines": {
        "node": "^20.19.0 || >=22.12.0"
      }
    },
    "node_modules/@rolldown/binding-linux-arm64-gnu": {
      "version": "1.1.5",
      "resolved": "https://registry.npmjs.org/@rolldown/binding-linux-arm64-gnu/-/binding-linux-arm64-gnu-1.1.5.tgz",
      "integrity": "sha512-navSiuTMogvnQoZoM/v+l3ZWo50/NTwSHSzheABx/RCnmUPaKwq9qSo4Br2OYRs21+Fz8uFqITZM3H4opOB0/Q==",
      "cpu": [
        "arm64"
      ],
      "license": "MIT",
      "optional": true,
      "os": [
        "linux"
      ],
      "engines": {
        "node": "^20.19.0 || >=22.12.0"
      }
    },
    "node_modules/@rolldown/binding-linux-arm64-musl": {
      "version": "1.1.5",
      "resolved": "https://registry.npmjs.org/@rolldown/binding-linux-arm64-musl/-/binding-linux-arm64-musl-1.1.5.tgz",
      "integrity": "sha512-lAryqH7IteztmCXQXk0etKj4wBQ7Gx5S6LjKhsgp9zb8I5bsuvU/2llH1hDQcjsFeqIsovMVN339/8pUDDBXxA==",
      "cpu": [
        "arm64"
      ],
      "license": "MIT",
      "optional": true,
      "os": [
        "linux"
      ],
      "engines": {
        "node": "^20.19.0 || >=22.12.0"
      }
    },
    "node_modules/@rolldown/binding-linux-ppc64-gnu": {
      "version": "1.1.5",
      "resolved": "https://registry.npmjs.org/@rolldown/binding-linux-ppc64-gnu/-/binding-linux-ppc64-gnu-1.1.5.tgz",
      "integrity": "sha512-fsK/sNBnxzBlL4O1JNrZakVQxPspqpED5dLtNsZS9oOKmtSpdNIzxH2kkol5HYTWJN47sE20ztMJPxfZ89qGOg==",
      "cpu": [
        "ppc64"
      ],
      "license": "MIT",
      "optional": true,
      "os": [
        "linux"
      ],
      "engines": {
        "node": "^20.19.0 || >=22.12.0"
      }
    },
    "node_modules/@rolldown/binding-linux-s390x-gnu": {
      "version": "1.1.5",
      "resolved": "https://registry.npmjs.org/@rolldown/binding-linux-s390x-gnu/-/binding-linux-s390x-gnu-1.1.5.tgz",
      "integrity": "sha512-gLYb4BIadlfTOYT5gO503n8zQjXflgzpD0FcyKh0Mzx3rqCZKnHoJWV9xe1KXUJ5lx2JfcSHr/mhzS0PC/McAA==",
      "cpu": [
        "s390x"
      ],
      "license": "MIT",
      "optional": true,
      "os": [
        "linux"
      ],
      "engines": {
        "node": "^20.19.0 || >=22.12.0"
      }
    },
    "node_modules/@rolldown/binding-linux-x64-gnu": {
      "version": "1.1.5",
      "resolved": "https://registry.npmjs.org/@rolldown/binding-linux-x64-gnu/-/binding-linux-x64-gnu-1.1.5.tgz",
      "integrity": "sha512-FjcpEKUyJygHgs1o50VYNvkt5+7Le/VEdYt0AkRpkL33MnyQfwr8l5mXwMmfmTbyMPr5vJLC+8/Gd9gXnwU1QQ==",
      "cpu": [
        "x64"
      ],
      "license": "MIT",
      "optional": true,
      "os": [
        "linux"
      ],
      "engines": {
        "node": "^20.19.0 || >=22.12.0"
      }
    },
    "node_modules/@rolldown/binding-linux-x64-musl": {
      "version": "1.1.5",
      "resolved": "https://registry.npmjs.org/@rolldown/binding-linux-x64-musl/-/binding-linux-x64-musl-1.1.5.tgz",
      "integrity": "sha512-Me+PfPI2TMeOQk0gYWfLQZtTktrmzbr8cDboqX83XKc7UrgAi55gF+2dUkWdxd19n55Essp2yeca+O9N5rBxHg==",
      "cpu": [
        "x64"
      ],
      "license": "MIT",
      "optional": true,
      "os": [
        "linux"
      ],
      "engines": {
        "node": "^20.19.0 || >=22.12.0"
      }
    },
    "node_modules/@rolldown/binding-openharmony-arm64": {
      "version": "1.1.5",
      "resolved": "https://registry.npmjs.org/@rolldown/binding-openharmony-arm64/-/binding-openharmony-arm64-1.1.5.tgz",
      "integrity": "sha512-yc5WrLzXks6zCQfn9Oxr8pORKyl/pF+QjHmW/Qx3qu0oyrrNC+y2JLTU1E2rcWYAmzlnqngWXHQjy51VzW70Vw==",
      "cpu": [
        "arm64"
      ],
      "license": "MIT",
      "optional": true,
      "os": [
        "openharmony"
      ],
      "engines": {
        "node": "^20.19.0 || >=22.12.0"
      }
    },
    "node_modules/@rolldown/binding-wasm32-wasi": {
      "version": "1.1.5",
      "resolved": "https://registry.npmjs.org/@rolldown/binding-wasm32-wasi/-/binding-wasm32-wasi-1.1.5.tgz",
      "integrity": "sha512-VbQGPX2b4r48TAMIM2cjgluIM1HYutm4pcTEJsle7iEP7sB1dFqtPLBVbdLAZCxy1txCcPxf4QFf4v8uvltPqA==",
      "cpu": [
        "wasm32"
      ],
      "license": "MIT",
      "optional": true,
      "dependencies": {
        "@emnapi/core": "1.11.1",
        "@emnapi/runtime": "1.11.1",
        "@napi-rs/wasm-runtime": "^1.1.6"
      },
      "engines": {
        "node": "^20.19.0 || >=22.12.0"
      }
    },
    "node_modules/@rolldown/binding-win32-arm64-msvc": {
      "version": "1.1.5",
      "resolved": "https://registry.npmjs.org/@rolldown/binding-win32-arm64-msvc/-/binding-win32-arm64-msvc-1.1.5.tgz",
      "integrity": "sha512-gHv82k63z4qpV5+Q1y/12KrK0ltWBukVDI8nZcbT7Tt/ZlOIVwppazneq0F93oDxTo3IgAMEDIoQh3E2n6mVsw==",
      "cpu": [
        "arm64"
      ],
      "license": "MIT",
      "optional": true,
      "os": [
        "win32"
      ],
      "engines": {
        "node": "^20.19.0 || >=22.12.0"
      }
    },
    "node_modules/@rolldown/binding-win32-x64-msvc": {
      "version": "1.1.5",
      "resolved": "https://registry.npmjs.org/@rolldown/binding-win32-x64-msvc/-/binding-win32-x64-msvc-1.1.5.tgz",
      "integrity": "sha512-tTZuDBPw85tEN5PQi1pnEBzDy0Z49HtScLAbD5t6hyeU92A95pRWaSMw1GZZi/RwgSgUIl0xrSlXIT/9QzvYSA==",
      "cpu": [
        "x64"
      ],
      "license": "MIT",
      "optional": true,
      "os": [
        "win32"
      ],
      "engines": {
        "node": "^20.19.0 || >=22.12.0"
      }
    },
    "node_modules/@rolldown/pluginutils": {
      "version": "1.0.1",
      "resolved": "https://registry.npmjs.org/@rolldown/pluginutils/-/pluginutils-1.0.1.tgz",
      "integrity": "sha512-2j9bGt5Jh8hj+vPtgzPtl72j0yRxHAyumoo6TNfAjsLB04UtpSvPbPcDcBMxz7n+9CYB0c1GxQFxYRg2jimqGw==",
      "license": "MIT"
    },
    "node_modules/@standard-schema/spec": {
      "version": "1.1.0",
      "resolved": "https://registry.npmjs.org/@standard-schema/spec/-/spec-1.1.0.tgz",
      "integrity": "sha512-l2aFy5jALhniG5HgqrD6jXLi/rUWrKvqN/qJx6yoJsgKhblVd+iqqU4RCXavm/jPityDo5TCvKMnpjKnOriy0w==",
      "license": "MIT"
    },
    "node_modules/@tybys/wasm-util": {
      "version": "0.10.3",
      "resolved": "https://registry.npmjs.org/@tybys/wasm-util/-/wasm-util-0.10.3.tgz",
      "integrity": "sha512-F3fo1MYrRJYL3zER0OUOmkutjr1Vp23m7OsSgp7nq4SP6OqX6C/56XFIPAl5bt3zaBRjmW7SGz3u/6LwFpYcOg==",
      "license": "MIT",
      "optional": true,
      "dependencies": {
        "tslib": "^2.4.0"
      }
    },
    "node_modules/@types/node": {
      "version": "26.1.1",
      "resolved": "https://registry.npmjs.org/@types/node/-/node-26.1.1.tgz",
      "integrity": "sha512-nxAkRSVkN1Y0JC1W8ky/fTfkGsMmcrRsbx+3XoZE+rMOX71kLYTV7fLXpqud1GpbpP5TuffXFqfX7fH2GgZREw==",
      "dev": true,
      "license": "MIT",
      "dependencies": {
        "undici-types": "~8.3.0"
      }
    },
    "node_modules/@vercel/oidc": {
      "version": "3.2.0",
      "resolved": "https://registry.npmjs.org/@vercel/oidc/-/oidc-3.2.0.tgz",
      "integrity": "sha512-UycprH3T6n3jH0k44NHMa7pnFHGu/N05MjojYr+Mc6I7obkoLIJujSWwin1pCvdy/eOxrI/l3uDLQsmcrOb4ug==",
      "license": "Apache-2.0",
      "engines": {
        "node": ">= 20"
      }
    },
    "node_modules/@workflow/serde": {
      "version": "4.1.0",
      "resolved": "https://registry.npmjs.org/@workflow/serde/-/serde-4.1.0.tgz",
      "integrity": "sha512-pav4F2BoirECWR7Nf1TKt+2eETcBj7jj4cBefQ8VXQCA6NPkaKeLfj/zMgi+3zYV5ZIBT4GuUiphsj0/b9hPQQ==",
      "license": "Apache-2.0"
    },
    "node_modules/agent-base": {
      "version": "6.0.2",
      "resolved": "https://registry.npmjs.org/agent-base/-/agent-base-6.0.2.tgz",
      "integrity": "sha512-RZNwNclF7+MS/8bDg70amg32dyeZGZxiDuQmZxKLAlQjr3jGyLx+4Kkk58UO7D2QdgFIQCovuSuZESne6RG6XQ==",
      "license": "MIT",
      "dependencies": {
        "debug": "4"
      },
      "engines": {
        "node": ">= 6.0.0"
      }
    },
    "node_modules/ai": {
      "version": "7.0.19",
      "resolved": "https://registry.npmjs.org/ai/-/ai-7.0.19.tgz",
      "integrity": "sha512-7kxMNiy6JqCvruCY2qGMNzeqEt9Ey3XqrtYGHWyipDJTXHFN7gOyO1UR2UIXhw112vAUkrO+OJJzemKJD8P3bA==",
      "license": "Apache-2.0",
      "dependencies": {
        "@ai-sdk/gateway": "4.0.15",
        "@ai-sdk/provider": "4.0.3",
        "@ai-sdk/provider-utils": "5.0.7"
      },
      "engines": {
        "node": ">=22"
      },
      "peerDependencies": {
        "zod": "^3.25.76 || ^4.1.8"
      }
    },
    "node_modules/asynckit": {
      "version": "0.4.0",
      "resolved": "https://registry.npmjs.org/asynckit/-/asynckit-0.4.0.tgz",
      "integrity": "sha512-Oei9OH4tRh0YqU3GxhX79dM/mwVgvbZJaSNaRk+bshkj0S5cfHcgYakreBjrHwatXKbz+IoIdYLxrKim2MjW0Q==",
      "license": "MIT"
    },
    "node_modules/axios": {
      "version": "1.18.1",
      "resolved": "https://registry.npmjs.org/axios/-/axios-1.18.1.tgz",
      "integrity": "sha512-3nTvFlvpn9Zu/RkHUqtc7/+al4UpRW5az71ap5zccp6e8RAYEzhMTecX8Dz1wWDYrPpUoB1HAQEGEAEvUr7S9g==",
      "license": "MIT",
      "dependencies": {
        "follow-redirects": "^1.16.0",
        "form-data": "^4.0.5",
        "https-proxy-agent": "^5.0.1",
        "proxy-from-env": "^2.1.0"
      }
    },
    "node_modules/call-bind-apply-helpers": {
      "version": "1.0.2",
      "resolved": "https://registry.npmjs.org/call-bind-apply-helpers/-/call-bind-apply-helpers-1.0.2.tgz",
      "integrity": "sha512-Sp1ablJ0ivDkSzjcaJdxEunN5/XvksFJ2sMBFfq6x0ryhQV/2b/KwFe21cMpmHtPOSij8K99/wSfoEuTObmuMQ==",
      "license": "MIT",
      "dependencies": {
        "es-errors": "^1.3.0",
        "function-bind": "^1.1.2"
      },
      "engines": {
        "node": ">= 0.4"
      }
    },
    "node_modules/combined-stream": {
      "version": "1.0.8",
      "resolved": "https://registry.npmjs.org/combined-stream/-/combined-stream-1.0.8.tgz",
      "integrity": "sha512-FQN4MRfuJeHf7cBbBMJFXhKSDq+2kAArBlmRBvcvFE5BB1HZKXtSFASDhdlz9zOYwxh8lDdnvmMOe/+5cdoEdg==",
      "license": "MIT",
      "dependencies": {
        "delayed-stream": "~1.0.0"
      },
      "engines": {
        "node": ">= 0.8"
      }
    },
    "node_modules/consola": {
      "version": "3.4.2",
      "resolved": "https://registry.npmjs.org/consola/-/consola-3.4.2.tgz",
      "integrity": "sha512-5IKcdX0nnYavi6G7TtOhwkYzyjfJlatbjMjuLSfE2kYT5pMDOilZ4OvMhi637CcDICTmz3wARPoyhqyX1Y+XvA==",
      "license": "MIT",
      "engines": {
        "node": "^14.18.0 || >=16.10.0"
      }
    },
    "node_modules/crossws": {
      "version": "0.4.9",
      "resolved": "https://registry.npmjs.org/crossws/-/crossws-0.4.9.tgz",
      "integrity": "sha512-iWx+1OMSG2aOHpjyf9AESOzkwsVdS49cXM9dVrI2PDhxU5l2RIWE/KG56gk4BbAnsMoycvniJ9OnOxO9LRzHVA==",
      "license": "MIT",
      "peerDependencies": {
        "srvx": ">=0.11.5"
      },
      "peerDependenciesMeta": {
        "srvx": {
          "optional": true
        }
      }
    },
    "node_modules/db0": {
      "version": "0.3.4",
      "resolved": "https://registry.npmjs.org/db0/-/db0-0.3.4.tgz",
      "integrity": "sha512-RiXXi4WaNzPTHEOu8UPQKMooIbqOEyqA1t7Z6MsdxSCeb8iUC9ko3LcmsLmeUt2SM5bctfArZKkRQggKZz7JNw==",
      "license": "MIT",
      "peerDependencies": {
        "@electric-sql/pglite": "*",
        "@libsql/client": "*",
        "better-sqlite3": "*",
        "drizzle-orm": "*",
        "mysql2": "*",
        "sqlite3": "*"
      },
      "peerDependenciesMeta": {
        "@electric-sql/pglite": {
          "optional": true
        },
        "@libsql/client": {
          "optional": true
        },
        "better-sqlite3": {
          "optional": true
        },
        "drizzle-orm": {
          "optional": true
        },
        "mysql2": {
          "optional": true
        },
        "sqlite3": {
          "optional": true
        }
      }
    },
    "node_modules/debug": {
      "version": "4.4.3",
      "resolved": "https://registry.npmjs.org/debug/-/debug-4.4.3.tgz",
      "integrity": "sha512-RGwwWnwQvkVfavKVt22FGLw+xYSdzARwm0ru6DhTVA3umU5hZc28V3kO4stgYryrTlLpuvgI9GiijltAjNbcqA==",
      "license": "MIT",
      "dependencies": {
        "ms": "^2.1.3"
      },
      "engines": {
        "node": ">=6.0"
      },
      "peerDependenciesMeta": {
        "supports-color": {
          "optional": true
        }
      }
    },
    "node_modules/delayed-stream": {
      "version": "1.0.0",
      "resolved": "https://registry.npmjs.org/delayed-stream/-/delayed-stream-1.0.0.tgz",
      "integrity": "sha512-ZySD7Nf91aLB0RxL4KGrKHBXl7Eds1DAmEdcoVawXnLD7SDhpNgtuII2aAkg7a7QS41jxPSZ17p4VdGnMHk3MQ==",
      "license": "MIT",
      "engines": {
        "node": ">=0.4.0"
      }
    },
    "node_modules/dunder-proto": {
      "version": "1.0.1",
      "resolved": "https://registry.npmjs.org/dunder-proto/-/dunder-proto-1.0.1.tgz",
      "integrity": "sha512-KIN/nDJBQRcXw0MLVhZE9iQHmG68qAVIBg9CqmUYjmQIhgij9U5MFvrqkUL5FbtyyzZuOeOt0zdeRe4UY7ct+A==",
      "license": "MIT",
      "dependencies": {
        "call-bind-apply-helpers": "^1.0.1",
        "es-errors": "^1.3.0",
        "gopd": "^1.2.0"
      },
      "engines": {
        "node": ">= 0.4"
      }
    },
    "node_modules/env-runner": {
      "version": "0.1.16",
      "resolved": "https://registry.npmjs.org/env-runner/-/env-runner-0.1.16.tgz",
      "integrity": "sha512-2LRJM4P2KLX6J83QZZrMqvgCDt/D5ea7wPcI3yYiy5cG/9rX5QwdwZFx0D7ktWnjdRyZxYjttGGorb5nFqb1CA==",
      "license": "MIT",
      "dependencies": {
        "crossws": "^0.4.8",
        "exsolve": "^1.1.0",
        "httpxy": "^0.5.4",
        "srvx": "^0.11.19"
      },
      "bin": {
        "env-runner": "dist/cli.mjs"
      },
      "peerDependencies": {
        "@netlify/runtime": "^4.1.23",
        "@vercel/queue": ">=0.2.0",
        "miniflare": "^4.20260515.0",
        "wrangler": "^4.0.0"
      },
      "peerDependenciesMeta": {
        "@netlify/runtime": {
          "optional": true
        },
        "@vercel/queue": {
          "optional": true
        },
        "miniflare": {
          "optional": true
        },
        "wrangler": {
          "optional": true
        }
      }
    },
    "node_modules/es-define-property": {
      "version": "1.0.1",
      "resolved": "https://registry.npmjs.org/es-define-property/-/es-define-property-1.0.1.tgz",
      "integrity": "sha512-e3nRfgfUZ4rNGL232gUgX06QNyyez04KdjFrF+LTRoOXmrOgFKDg4BCdsjW8EnT69eqdYGmRpJwiPVYNrCaW3g==",
      "license": "MIT",
      "engines": {
        "node": ">= 0.4"
      }
    },
    "node_modules/es-errors": {
      "version": "1.3.0",
      "resolved": "https://registry.npmjs.org/es-errors/-/es-errors-1.3.0.tgz",
      "integrity": "sha512-Zf5H2Kxt2xjTvbJvP2ZWLEICxA6j+hAmMzIlypy4xcBg1vKVnx89Wy0GbS+kf5cwCVFFzdCFh2XSCFNULS6csw==",
      "license": "MIT",
      "engines": {
        "node": ">= 0.4"
      }
    },
    "node_modules/es-object-atoms": {
      "version": "1.1.2",
      "resolved": "https://registry.npmjs.org/es-object-atoms/-/es-object-atoms-1.1.2.tgz",
      "integrity": "sha512-HWcBoN6NileqtSydK2FqHbS/LoDd2pqrnQHLyJzBj4kOp/ky2MWMN694xOfkK8/SnUsW2DH7EfyVlydKCsm1Zw==",
      "license": "MIT",
      "dependencies": {
        "es-errors": "^1.3.0"
      },
      "engines": {
        "node": ">= 0.4"
      }
    },
    "node_modules/es-set-tostringtag": {
      "version": "2.1.0",
      "resolved": "https://registry.npmjs.org/es-set-tostringtag/-/es-set-tostringtag-2.1.0.tgz",
      "integrity": "sha512-j6vWzfrGVfyXxge+O0x5sh6cvxAog0a/4Rdd2K36zCMV5eJ+/+tOAngRO8cODMNWbVRdVlmGZQL2YS3yR8bIUA==",
      "license": "MIT",
      "dependencies": {
        "es-errors": "^1.3.0",
        "get-intrinsic": "^1.2.6",
        "has-tostringtag": "^1.0.2",
        "hasown": "^2.0.2"
      },
      "engines": {
        "node": ">= 0.4"
      }
    },
    "node_modules/eve": {
      "version": "0.22.4",
      "resolved": "https://registry.npmjs.org/eve/-/eve-0.22.4.tgz",
      "integrity": "sha512-BWrq2IRUtA2zsWeA/lk9jhUPrFnvNrdmFtUz3f3fOYSbNOlrVJxadG8VoSdQzYqbfeS3seDlfwektaRSgSeKRA==",
      "license": "Apache-2.0",
      "dependencies": {
        "nitro": "3.0.260610-beta"
      },
      "bin": {
        "eve": "bin/eve.js"
      },
      "engines": {
        "node": ">=24"
      },
      "peerDependencies": {
        "@opentelemetry/api": "^1.0.0",
        "ai": "^7.0.0",
        "braintrust": "^3.0.0",
        "just-bash": "^3.0.0",
        "microsandbox": "^0.5.0"
      },
      "peerDependenciesMeta": {
        "@opentelemetry/api": {
          "optional": true
        },
        "braintrust": {
          "optional": true
        },
        "just-bash": {
          "optional": true
        },
        "microsandbox": {
          "optional": true
        }
      }
    },
    "node_modules/eventsource-parser": {
      "version": "3.1.0",
      "resolved": "https://registry.npmjs.org/eventsource-parser/-/eventsource-parser-3.1.0.tgz",
      "integrity": "sha512-kJezFj9YFAMLeORyi7aCLxLbD5/qWMQnoMVlVPyHIll7lgRJCc3JVln9Vgl9nwQi0YkMnhdGTMNn7CkRRAptMg==",
      "license": "MIT",
      "engines": {
        "node": ">=18.0.0"
      }
    },
    "node_modules/exsolve": {
      "version": "1.1.0",
      "resolved": "https://registry.npmjs.org/exsolve/-/exsolve-1.1.0.tgz",
      "integrity": "sha512-D+42+T12DdIlJM3uepa55qGiL3sYdLBOxIl2ifQCzCHz4c7eiolaHsi3BIqEr7JxBzxv2pYZQX9kw16ziMcEmw==",
      "license": "MIT"
    },
    "node_modules/follow-redirects": {
      "version": "1.16.0",
      "resolved": "https://registry.npmjs.org/follow-redirects/-/follow-redirects-1.16.0.tgz",
      "integrity": "sha512-y5rN/uOsadFT/JfYwhxRS5R7Qce+g3zG97+JrtFZlC9klX/W5hD7iiLzScI4nZqUS7DNUdhPgw4xI8W2LuXlUw==",
      "funding": [
        {
          "type": "individual",
          "url": "https://github.com/sponsors/RubenVerborgh"
        }
      ],
      "license": "MIT",
      "engines": {
        "node": ">=4.0"
      },
      "peerDependenciesMeta": {
        "debug": {
          "optional": true
        }
      }
    },
    "node_modules/form-data": {
      "version": "4.0.6",
      "resolved": "https://registry.npmjs.org/form-data/-/form-data-4.0.6.tgz",
      "integrity": "sha512-vKatAh4SlVfgbv+YtmhiRjhEMJsYpsG1Y2rMQtR+SVSbytsSD1YGzDIcrAJmdFec88u/+VoGmxnl+80gL1tRCQ==",
      "license": "MIT",
      "dependencies": {
        "asynckit": "^0.4.0",
        "combined-stream": "^1.0.8",
        "es-set-tostringtag": "^2.1.0",
        "hasown": "^2.0.4",
        "mime-types": "^2.1.35"
      },
      "engines": {
        "node": ">= 6"
      }
    },
    "node_modules/function-bind": {
      "version": "1.1.2",
      "resolved": "https://registry.npmjs.org/function-bind/-/function-bind-1.1.2.tgz",
      "integrity": "sha512-7XHNxH7qX9xG5mIwxkhumTox/MIRNcOgDrxWsMt2pAr23WHp6MrRlN7FBSFpCpr+oVO0F744iUgR82nJMfG2SA==",
      "license": "MIT",
      "funding": {
        "url": "https://github.com/sponsors/ljharb"
      }
    },
    "node_modules/get-intrinsic": {
      "version": "1.3.0",
      "resolved": "https://registry.npmjs.org/get-intrinsic/-/get-intrinsic-1.3.0.tgz",
      "integrity": "sha512-9fSjSaos/fRIVIp+xSJlE6lfwhES7LNtKaCBIamHsjr2na1BiABJPo0mOjjz8GJDURarmCPGqaiVg5mfjb98CQ==",
      "license": "MIT",
      "dependencies": {
        "call-bind-apply-helpers": "^1.0.2",
        "es-define-property": "^1.0.1",
        "es-errors": "^1.3.0",
        "es-object-atoms": "^1.1.1",
        "function-bind": "^1.1.2",
        "get-proto": "^1.0.1",
        "gopd": "^1.2.0",
        "has-symbols": "^1.1.0",
        "hasown": "^2.0.2",
        "math-intrinsics": "^1.1.0"
      },
      "engines": {
        "node": ">= 0.4"
      },
      "funding": {
        "url": "https://github.com/sponsors/ljharb"
      }
    },
    "node_modules/get-proto": {
      "version": "1.0.1",
      "resolved": "https://registry.npmjs.org/get-proto/-/get-proto-1.0.1.tgz",
      "integrity": "sha512-sTSfBjoXBp89JvIKIefqw7U2CCebsc74kiY6awiGogKtoSGbgjYE/G/+l9sF3MWFPNc9IcoOC4ODfKHfxFmp0g==",
      "license": "MIT",
      "dependencies": {
        "dunder-proto": "^1.0.1",
        "es-object-atoms": "^1.0.0"
      },
      "engines": {
        "node": ">= 0.4"
      }
    },
    "node_modules/gopd": {
      "version": "1.2.0",
      "resolved": "https://registry.npmjs.org/gopd/-/gopd-1.2.0.tgz",
      "integrity": "sha512-ZUKRh6/kUFoAiTAtTYPZJ3hw9wNxx+BIBOijnlG9PnrJsCcSjs1wyyD6vJpaYtgnzDrKYRSqf3OO6Rfa93xsRg==",
      "license": "MIT",
      "engines": {
        "node": ">= 0.4"
      },
      "funding": {
        "url": "https://github.com/sponsors/ljharb"
      }
    },
    "node_modules/h3": {
      "version": "2.0.1-rc.22",
      "resolved": "https://registry.npmjs.org/h3/-/h3-2.0.1-rc.22.tgz",
      "integrity": "sha512-Esv0DMIuPkCTSWCA0vO73vcTqwzH1wjSrAO1TXNu/K3up1sZHa9EKMapbmxCDYBeymC3fVTk4qxp7ogQWQ+KgA==",
      "license": "MIT",
      "dependencies": {
        "rou3": "^0.8.1",
        "srvx": "^0.11.15"
      },
      "bin": {
        "h3": "bin/h3.mjs"
      },
      "engines": {
        "node": ">=20.11.1"
      },
      "peerDependencies": {
        "crossws": "^0.4.1"
      },
      "peerDependenciesMeta": {
        "crossws": {
          "optional": true
        }
      }
    },
    "node_modules/has-symbols": {
      "version": "1.1.0",
      "resolved": "https://registry.npmjs.org/has-symbols/-/has-symbols-1.1.0.tgz",
      "integrity": "sha512-1cDNdwJ2Jaohmb3sg4OmKaMBwuC48sYni5HUw2DvsC8LjGTLK9h+eb1X6RyuOHe4hT0ULCW68iomhjUoKUqlPQ==",
      "license": "MIT",
      "engines": {
        "node": ">= 0.4"
      },
      "funding": {
        "url": "https://github.com/sponsors/ljharb"
      }
    },
    "node_modules/has-tostringtag": {
      "version": "1.0.2",
      "resolved": "https://registry.npmjs.org/has-tostringtag/-/has-tostringtag-1.0.2.tgz",
      "integrity": "sha512-NqADB8VjPFLM2V0VvHUewwwsw0ZWBaIdgo+ieHtK3hasLz4qeCRjYcqfB6AQrBggRKppKF8L52/VqdVsO47Dlw==",
      "license": "MIT",
      "dependencies": {
        "has-symbols": "^1.0.3"
      },
      "engines": {
        "node": ">= 0.4"
      },
      "funding": {
        "url": "https://github.com/sponsors/ljharb"
      }
    },
    "node_modules/hasown": {
      "version": "2.0.4",
      "resolved": "https://registry.npmjs.org/hasown/-/hasown-2.0.4.tgz",
      "integrity": "sha512-T2UbfbBEF32wiepXIsMlTW9+dDYC6wMh/t/vYA4tuOMKqWz/n3vr1NFSxQiyP+zk2mXsoMA/i/7qV6LKut1t1A==",
      "license": "MIT",
      "dependencies": {
        "function-bind": "^1.1.2"
      },
      "engines": {
        "node": ">= 0.4"
      }
    },
    "node_modules/hookable": {
      "version": "6.1.1",
      "resolved": "https://registry.npmjs.org/hookable/-/hookable-6.1.1.tgz",
      "integrity": "sha512-U9LYDy1CwhMCnprUfeAZWZGByVbhd54hwepegYTK7Pi5NvqEj63ifz5z+xukznehT7i6NIZRu89Ay1AZmRsLEQ==",
      "license": "MIT"
    },
    "node_modules/https-proxy-agent": {
      "version": "5.0.1",
      "resolved": "https://registry.npmjs.org/https-proxy-agent/-/https-proxy-agent-5.0.1.tgz",
      "integrity": "sha512-dFcAjpTQFgoLMzC2VwU+C/CbS7uRL0lWmxDITmqm7C+7F0Odmj6s9l6alZc6AELXhrnggM2CeWSXHGOdX2YtwA==",
      "license": "MIT",
      "dependencies": {
        "agent-base": "6",
        "debug": "4"
      },
      "engines": {
        "node": ">= 6"
      }
    },
    "node_modules/httpxy": {
      "version": "0.5.5",
      "resolved": "https://registry.npmjs.org/httpxy/-/httpxy-0.5.5.tgz",
      "integrity": "sha512-uDjmnPyp1q4Sgzf3w+J/Fc6UqcCEj0x4Wjp7OqK5dGhNeDgpyrAmnS6ey8QWrX3SWDon2DMKf9sBa5X9+CVyMA==",
      "license": "MIT"
    },
    "node_modules/json-schema": {
      "version": "0.4.0",
      "resolved": "https://registry.npmjs.org/json-schema/-/json-schema-0.4.0.tgz",
      "integrity": "sha512-es94M3nTIfsEPisRafak+HDLfHXnKBhV3vU5eqPcS3flIWqcxJWgXHXiey3YrpaNsanY5ei1VoYEbOzijuq9BA==",
      "license": "(AFL-2.1 OR BSD-3-Clause)"
    },
    "node_modules/math-intrinsics": {
      "version": "1.1.0",
      "resolved": "https://registry.npmjs.org/math-intrinsics/-/math-intrinsics-1.1.0.tgz",
      "integrity": "sha512-/IXtbwEk5HTPyEwyKX6hGkYXxM9nbj64B+ilVJnC/R6B0pH5G4V3b0pVbL7DBj4tkhBAppbQUlf6F6Xl9LHu1g==",
      "license": "MIT",
      "engines": {
        "node": ">= 0.4"
      }
    },
    "node_modules/mime-db": {
      "version": "1.52.0",
      "resolved": "https://registry.npmjs.org/mime-db/-/mime-db-1.52.0.tgz",
      "integrity": "sha512-sPU4uV7dYlvtWJxwwxHD0PuihVNiE7TyAbQ5SWxDCB9mUYvOgroQOwYQQOKPJ8CIbE+1ETVlOoK1UC2nU3gYvg==",
      "license": "MIT",
      "engines": {
        "node": ">= 0.6"
      }
    },
    "node_modules/mime-types": {
      "version": "2.1.35",
      "resolved": "https://registry.npmjs.org/mime-types/-/mime-types-2.1.35.tgz",
      "integrity": "sha512-ZDY+bPm5zTTF+YpCrAU9nK0UgICYPT0QtT1NZWFv4s++TNkcgVaT0g6+4R2uI4MjQjzysHB1zxuWL50hzaeXiw==",
      "license": "MIT",
      "dependencies": {
        "mime-db": "1.52.0"
      },
      "engines": {
        "node": ">= 0.6"
      }
    },
    "node_modules/ms": {
      "version": "2.1.3",
      "resolved": "https://registry.npmjs.org/ms/-/ms-2.1.3.tgz",
      "integrity": "sha512-6FlzubTLZG3J2a/NVCAleEhjzq5oxgHyaCU9yYXvcLsvoVaHJq/s5xXI6/XXP6tz7R9xAOtHnSO/tXtF3WRTlA==",
      "license": "MIT"
    },
    "node_modules/nf3": {
      "version": "0.3.21",
      "resolved": "https://registry.npmjs.org/nf3/-/nf3-0.3.21.tgz",
      "integrity": "sha512-DJ1Ss/jfUdqETSbouezgAyh6NmD3r2NnpX7Vhwz7nPTc8TvqFddJ/tMgYDwhWU4H/vTOUXDYG3sWsB9vGBX/HA==",
      "license": "MIT"
    },
    "node_modules/nitro": {
      "version": "3.0.260610-beta",
      "resolved": "https://registry.npmjs.org/nitro/-/nitro-3.0.260610-beta.tgz",
      "integrity": "sha512-KPb4L5yaF/Rx/xoGMpgHRJvZhbhGiqbRKOwwPLCH9jKTKTsEUHLjnJas85AeCzaswqa8Wi52eQBtRsODC4PS0Q==",
      "license": "MIT",
      "dependencies": {
        "consola": "^3.4.2",
        "crossws": "^0.4.6",
        "db0": "^0.3.4",
        "env-runner": "^0.1.12",
        "h3": "2.0.1-rc.22",
        "hookable": "^6.1.1",
        "nf3": "^0.3.17",
        "ocache": "^0.1.5",
        "ofetch": "2.0.0-alpha.3",
        "ohash": "^2.0.11",
        "rolldown": "^1.1.0",
        "srvx": "^0.11.16",
        "unenv": "2.0.0-rc.24",
        "unstorage": "2.0.0-alpha.7"
      },
      "bin": {
        "nitro": "dist/cli/index.mjs"
      },
      "engines": {
        "node": "^20.19.0 || >=22.12.0"
      },
      "peerDependencies": {
        "@vercel/queue": "^0.3.0",
        "dotenv": "*",
        "giget": "*",
        "jiti": "^2.7.0",
        "rollup": "^4.61.1",
        "vite": "^7 || ^8",
        "xml2js": "^0.6.2",
        "zephyr-agent": "^0.2.0"
      },
      "peerDependenciesMeta": {
        "@vercel/queue": {
          "optional": true
        },
        "dotenv": {
          "optional": true
        },
        "giget": {
          "optional": true
        },
        "jiti": {
          "optional": true
        },
        "rollup": {
          "optional": true
        },
        "vite": {
          "optional": true
        },
        "xml2js": {
          "optional": true
        },
        "zephyr-agent": {
          "optional": true
        }
      }
    },
    "node_modules/ocache": {
      "version": "0.1.5",
      "resolved": "https://registry.npmjs.org/ocache/-/ocache-0.1.5.tgz",
      "integrity": "sha512-kNNnkkVQup/QDvmTz8Q84wc2ntiyoVHDxa6eHWKt5qdGAmFRBIxy83rxgCYEjW0x06UJ9E3P6VgM2yY4rOBH4w==",
      "license": "MIT",
      "dependencies": {
        "ohash": "^2.0.11"
      }
    },
    "node_modules/ofetch": {
      "version": "2.0.0-alpha.3",
      "resolved": "https://registry.npmjs.org/ofetch/-/ofetch-2.0.0-alpha.3.tgz",
      "integrity": "sha512-zpYTCs2byOuft65vI3z43Dd6iSdFbOZZLb9/d21aCpx2rGastVU9dOCv0lu4ykc1Ur1anAYjDi3SUvR0vq50JA==",
      "license": "MIT"
    },
    "node_modules/ohash": {
      "version": "2.0.11",
      "resolved": "https://registry.npmjs.org/ohash/-/ohash-2.0.11.tgz",
      "integrity": "sha512-RdR9FQrFwNBNXAr4GixM8YaRZRJ5PUWbKYbE5eOsrwAjJW0q2REGcf79oYPsLyskQCZG1PLN+S/K1V00joZAoQ==",
      "license": "MIT"
    },
    "node_modules/pathe": {
      "version": "2.0.3",
      "resolved": "https://registry.npmjs.org/pathe/-/pathe-2.0.3.tgz",
      "integrity": "sha512-WUjGcAqP1gQacoQe+OBJsFA7Ld4DyXuUIjZ5cc75cLHvJ7dtNsTugphxIADwspS+AraAUePCKrSVtPLFj/F88w==",
      "license": "MIT"
    },
    "node_modules/proxy-from-env": {
      "version": "2.1.0",
      "resolved": "https://registry.npmjs.org/proxy-from-env/-/proxy-from-env-2.1.0.tgz",
      "integrity": "sha512-cJ+oHTW1VAEa8cJslgmUZrc+sjRKgAKl3Zyse6+PV38hZe/V6Z14TbCuXcan9F9ghlz4QrFr2c92TNF82UkYHA==",
      "license": "MIT",
      "engines": {
        "node": ">=10"
      }
    },
    "node_modules/rolldown": {
      "version": "1.1.5",
      "resolved": "https://registry.npmjs.org/rolldown/-/rolldown-1.1.5.tgz",
      "integrity": "sha512-t9z29cJjXf/vxQ8dyhCSpt6H6aSwHTk8cT5I3iy6SMXuFpk5mB6PL6XfC8PCwrPTx93udwKUm9HRteAlTGBLiA==",
      "license": "MIT",
      "dependencies": {
        "@oxc-project/types": "=0.139.0",
        "@rolldown/pluginutils": "^1.0.0"
      },
      "bin": {
        "rolldown": "bin/cli.mjs"
      },
      "engines": {
        "node": "^20.19.0 || >=22.12.0"
      },
      "optionalDependencies": {
        "@rolldown/binding-android-arm64": "1.1.5",
        "@rolldown/binding-darwin-arm64": "1.1.5",
        "@rolldown/binding-darwin-x64": "1.1.5",
        "@rolldown/binding-freebsd-x64": "1.1.5",
        "@rolldown/binding-linux-arm-gnueabihf": "1.1.5",
        "@rolldown/binding-linux-arm64-gnu": "1.1.5",
        "@rolldown/binding-linux-arm64-musl": "1.1.5",
        "@rolldown/binding-linux-ppc64-gnu": "1.1.5",
        "@rolldown/binding-linux-s390x-gnu": "1.1.5",
        "@rolldown/binding-linux-x64-gnu": "1.1.5",
        "@rolldown/binding-linux-x64-musl": "1.1.5",
        "@rolldown/binding-openharmony-arm64": "1.1.5",
        "@rolldown/binding-wasm32-wasi": "1.1.5",
        "@rolldown/binding-win32-arm64-msvc": "1.1.5",
        "@rolldown/binding-win32-x64-msvc": "1.1.5"
      }
    },
    "node_modules/rou3": {
      "version": "0.8.1",
      "resolved": "https://registry.npmjs.org/rou3/-/rou3-0.8.1.tgz",
      "integrity": "sha512-ePa+XGk00/3HuCqrEnK3LxJW7I0SdNg6EFzKUJG73hMAdDcOUC/i/aSz7LSDwLrGr33kal/rqOGydzwl6U7zBA==",
      "license": "MIT"
    },
    "node_modules/srvx": {
      "version": "0.11.21",
      "resolved": "https://registry.npmjs.org/srvx/-/srvx-0.11.21.tgz",
      "integrity": "sha512-GWTHjKMeekX8CwJf4VU9Oo6mJpSGaflGMddbCvR+Cmmh9sslRMiGbAoqqZacE0r1ncARh6buCEETr2W52F8b1w==",
      "license": "MIT",
      "bin": {
        "srvx": "bin/srvx.mjs"
      },
      "engines": {
        "node": ">=20.16.0"
      }
    },
    "node_modules/tslib": {
      "version": "2.8.1",
      "resolved": "https://registry.npmjs.org/tslib/-/tslib-2.8.1.tgz",
      "integrity": "sha512-oJFu94HQb+KVduSUQL7wnpmqnfmLsOA/nAh6b6EH0wCEoK0/mPeXU6c3wKDV83MkOuHPRHtSXKKU99IBazS/2w==",
      "license": "0BSD",
      "optional": true
    },
    "node_modules/typescript": {
      "version": "5.9.3",
      "resolved": "https://registry.npmjs.org/typescript/-/typescript-5.9.3.tgz",
      "integrity": "sha512-jl1vZzPDinLr9eUt3J/t7V6FgNEw9QjvBPdysz9KfQDD41fQrC2Y4vKQdiaUpFT4bXlb1RHhLpp8wtm6M5TgSw==",
      "dev": true,
      "license": "Apache-2.0",
      "bin": {
        "tsc": "bin/tsc",
        "tsserver": "bin/tsserver"
      },
      "engines": {
        "node": ">=14.17"
      }
    },
    "node_modules/undici-types": {
      "version": "8.3.0",
      "resolved": "https://registry.npmjs.org/undici-types/-/undici-types-8.3.0.tgz",
      "integrity": "sha512-j375ScV60dom+YkPFIfTLcOiPxkN/buHz5GobjLhixFuANaNs3C9l4GmrWqejgXWJ7BbJcFYpTEUkS1Ge8bpZQ==",
      "dev": true,
      "license": "MIT"
    },
    "node_modules/unenv": {
      "version": "2.0.0-rc.24",
      "resolved": "https://registry.npmjs.org/unenv/-/unenv-2.0.0-rc.24.tgz",
      "integrity": "sha512-i7qRCmY42zmCwnYlh9H2SvLEypEFGye5iRmEMKjcGi7zk9UquigRjFtTLz0TYqr0ZGLZhaMHl/foy1bZR+Cwlw==",
      "license": "MIT",
      "dependencies": {
        "pathe": "^2.0.3"
      }
    },
    "node_modules/unstorage": {
      "version": "2.0.0-alpha.7",
      "resolved": "https://registry.npmjs.org/unstorage/-/unstorage-2.0.0-alpha.7.tgz",
      "integrity": "sha512-ELPztchk2zgFJnakyodVY3vJWGW9jy//keJ32IOJVGUMyaPydwcA1FtVvWqT0TNRch9H+cMNEGllfVFfScImog==",
      "license": "MIT",
      "peerDependencies": {
        "@azure/app-configuration": "^1.11.0",
        "@azure/cosmos": "^4.9.1",
        "@azure/data-tables": "^13.3.2",
        "@azure/identity": "^4.13.0",
        "@azure/keyvault-secrets": "^4.10.0",
        "@azure/storage-blob": "^12.31.0",
        "@capacitor/preferences": "^6 || ^7 || ^8",
        "@deno/kv": ">=0.13.0",
        "@netlify/blobs": "^6.5.0 || ^7.0.0 || ^8.1.0 || ^9.0.0 || ^10.0.0",
        "@planetscale/database": "^1.19.0",
        "@upstash/redis": "^1.36.2",
        "@vercel/blob": ">=0.27.3",
        "@vercel/functions": "^2.2.12 || ^3.0.0",
        "@vercel/kv": "^1.0.1",
        "aws4fetch": "^1.0.20",
        "chokidar": "^4 || ^5",
        "db0": ">=0.3.4",
        "idb-keyval": "^6.2.2",
        "ioredis": "^5.9.3",
        "lru-cache": "^11.2.6",
        "mongodb": "^6 || ^7",
        "ofetch": "*",
        "uploadthing": "^7.7.4"
      },
      "peerDependenciesMeta": {
        "@azure/app-configuration": {
          "optional": true
        },
        "@azure/cosmos": {
          "optional": true
        },
        "@azure/data-tables": {
          "optional": true
        },
        "@azure/identity": {
          "optional": true
        },
        "@azure/keyvault-secrets": {
          "optional": true
        },
        "@azure/storage-blob": {
          "optional": true
        },
        "@capacitor/preferences": {
          "optional": true
        },
        "@deno/kv": {
          "optional": true
        },
        "@netlify/blobs": {
          "optional": true
        },
        "@planetscale/database": {
          "optional": true
        },
        "@upstash/redis": {
          "optional": true
        },
        "@vercel/blob": {
          "optional": true
        },
        "@vercel/functions": {
          "optional": true
        },
        "@vercel/kv": {
          "optional": true
        },
        "aws4fetch": {
          "optional": true
        },
        "chokidar": {
          "optional": true
        },
        "db0": {
          "optional": true
        },
        "idb-keyval": {
          "optional": true
        },
        "ioredis": {
          "optional": true
        },
        "lru-cache": {
          "optional": true
        },
        "mongodb": {
          "optional": true
        },
        "ofetch": {
          "optional": true
        },
        "uploadthing": {
          "optional": true
        }
      }
    },
    "node_modules/zod": {
      "version": "4.4.3",
      "resolved": "https://registry.npmjs.org/zod/-/zod-4.4.3.tgz",
      "integrity": "sha512-ytENFjIJFl2UwYglde2jchW2Hwm4GJFLDiSXWdTrJQBIN9Fcyp7n4DhxJEiWNAJMV1/BqWfW/kkg71UDcHJyTQ==",
      "license": "MIT",
      "funding": {
        "url": "https://github.com/sponsors/colinhacks"
      }
    }
  }
}
